// !$*UTF8*$!
{
	archiveVersion = 1;
	classes = {
	};
	objectVersion = 46;
	objects = {

/* Begin PBXBuildFile section */
		ACE294F21DCE5FEF007E9E1B /* AppDelegate.swift in Sources */ = {isa = PBXBuildFile; fileRef = ACE294F11DCE5FEF007E9E1B /* AppDelegate.swift */; };
		ACE294F41DCE5FEF007E9E1B /* ViewController.swift in Sources */ = {isa = PBXBuildFile; fileRef = ACE294F31DCE5FEF007E9E1B /* ViewController.swift */; };
		ACE294F71DCE5FEF007E9E1B /* Main.storyboard in Resources */ = {isa = PBXBuildFile; fileRef = ACE294F51DCE5FEF007E9E1B /* Main.storyboard */; };
		ACE294F91DCE5FEF007E9E1B /* Assets.xcassets in Resources */ = {isa = PBXBuildFile; fileRef = ACE294F81DCE5FEF007E9E1B /* Assets.xcassets */; };
		ACE294FC1DCE5FEF007E9E1B /* LaunchScreen.storyboard in Resources */ = {isa = PBXBuildFile; fileRef = ACE294FA1DCE5FEF007E9E1B /* LaunchScreen.storyboard */; };
/* End PBXBuildFile section */

/* Begin PBXFileReference section */
		ACE294EE1DCE5FEF007E9E1B /* CS193p-calculator.app */ = {isa = PBXFileReference; explicitFileType = wrapper.application; includeInIndex = 0; path = "CS193p-calculator.app"; sourceTree = BUILT_PRODUCTS_DIR; };
		ACE294F11DCE5FEF007E9E1B /* AppDelegate.swift */ = {isa = PBXFileReference; lastKnownFileType = sourcecode.swift; path = AppDelegate.swift; sourceTree = "<group>"; };
		ACE294F31DCE5FEF007E9E1B /* ViewController.swift */ = {isa = PBXFileReference; lastKnownFileType = sourcecode.swift; path = ViewController.swift; sourceTree = "<group>"; };
		ACE294F61DCE5FEF007E9E1B /* Base */ = {isa = PBXFileReference; lastKnownFileType = file.storyboard; name = Base; path = Base.lproj/Main.storyboard; sourceTree = "<group>"; };
		ACE294F81DCE5FEF007E9E1B /* Assets.xcassets */ = {isa = PBXFileReference; lastKnownFileType = folder.assetcatalog; path = Assets.xcassets; sourceTree = "<group>"; };
		ACE294FB1DCE5FEF007E9E1B /* Base */ = {isa = PBXFileReference; lastKnownFileType = file.storyboard; name = Base; path = Base.lproj/LaunchScreen.storyboard; sourceTree = "<group>"; };
		ACE294FD1DCE5FEF007E9E1B /* Info.plist */ = {isa = PBXFileReference; lastKnownFileType = text.plist.xml; path = Info.plist; sourceTree = "<group>"; };
/* End PBXFileReference section */

/* Begin PBXFrameworksBuildPhase section */
		ACE294EB1DCE5FEF007E9E1B /* Frameworks */ = {
			isa = PBXFrameworksBuildPhase;
			buildActionMask = 2147483647;
			files = (
			);
			runOnlyForDeploymentPostprocessing = 0;
		};
/* End PBXFrameworksBuildPhase section */

/* Begin PBXGroup section */
		ACE294E51DCE5FEF007E9E1B = {
			isa = PBXGroup;
			children = (
				ACE294F01DCE5FEF007E9E1B /* CS193p-calculator */,
				ACE294EF1DCE5FEF007E9E1B /* Products */,
			);
			sourceTree = "<group>";
		};
		ACE294EF1DCE5FEF007E9E1B /* Products */ = {
			isa = PBXGroup;
			children = (
				ACE294EE1DCE5FEF007E9E1B /* CS193p-calculator.app */,
			);
			name = Products;
			sourceTree = "<group>";
		};
		ACE294F01DCE5FEF007E9E1B /* CS193p-calculator */ = {
			isa = PBXGroup;
			children = (
				ACE294F11DCE5FEF007E9E1B /* AppDelegate.swift */,
				ACE294F31DCE5FEF007E9E1B /* ViewController.swift */,
				ACE294F51DCE5FEF007E9E1B /* Main.storyboard */,
				ACE294F81DCE5FEF007E9E1B /* Assets.xcassets */,
				ACE294FA1DCE5FEF007E9E1B /* LaunchScreen.storyboard */,
				ACE294FD1DCE5FEF007E9E1B /* Info.plist */,
			);
			path = "CS193p-calculator";
			sourceTree = "<group>";
		};
/* End PBXGroup section */

/* Begin PBXNativeTarget section */
		ACE294ED1DCE5FEF007E9E1B /* CS193p-calculator */ = {
			isa = PBXNativeTarget;
			buildConfigurationList = ACE295001DCE5FEF007E9E1B /* Build configuration list for PBXNativeTarget "CS193p-calculator" */;
			buildPhases = (
				ACE294EA1DCE5FEF007E9E1B /* Sources */,
				ACE294EB1DCE5FEF007E9E1B /* Frameworks */,
				ACE294EC1DCE5FEF007E9E1B /* Resources */,
			);
			buildRules = (
			);
			dependencies = (
			);
			name = "CS193p-calculator";
			productName = "CS193p-calculator";
			productReference = ACE294EE1DCE5FEF007E9E1B /* CS193p-calculator.app */;
			productType = "com.apple.product-type.application";
		};
/* End PBXNativeTarget section */

/* Begin PBXProject section */
		ACE294E61DCE5FEF007E9E1B /* Project object */ = {
			isa = PBXProject;
			attributes = {
				LastSwiftUpdateCheck = 0800;
				LastUpgradeCheck = 0800;
				ORGANIZATIONNAME = "New Route";
				TargetAttributes = {
					ACE294ED1DCE5FEF007E9E1B = {
						CreatedOnToolsVersion = 8.0;
						DevelopmentTeam = MGDJPZU37H;
						ProvisioningStyle = Automatic;
					};
				};
			};
			buildConfigurationList = ACE294E91DCE5FEF007E9E1B /* Build configuration list for PBXProject "CS193p-calculator" */;
			compatibilityVersion = "Xcode 3.2";
			developmentRegion = English;
			hasScannedForEncodings = 0;
			knownRegions = (
				en,
				Base,
			);
			mainGroup = ACE294E51DCE5FEF007E9E1B;
			productRefGroup = ACE294EF1DCE5FEF007E9E1B /* Products */;
			projectDirPath = "";
			projectRoot = "";
			targets = (
				ACE294ED1DCE5FEF007E9E1B /* CS193p-calculator */,
			);
		};
/* End PBXProject section */

/* Begin PBXResourcesBuildPhase section */
		ACE294EC1DCE5FEF007E9E1B /* Resources */ = {
			isa = PBXResourcesBuildPhase;
			buildActionMask = 2147483647;
			files = (
				ACE294FC1DCE5FEF007E9E1B /* LaunchScreen.storyboard in Resources */,
				ACE294F91DCE5FEF007E9E1B /* Assets.xcassets in Resources */,
				ACE294F71DCE5FEF007E9E1B /* Main.storyboard in Resources */,
			);
			runOnlyForDeploymentPostprocessing = 0;
		};
/* End PBXResourcesBuildPhase section */

/* Begin PBXSourcesBuildPhase section */
		ACE294EA1DCE5FEF007E9E1B /* Sources */ = {
			isa = PBXSourcesBuildPhase;
			buildActionMask = 2147483647;
			files = (
				ACE294F41DCE5FEF007E9E1B /* ViewController.swift in Sources */,
				ACE294F21DCE5FEF007E9E1B /* AppDelegate.swift in Sources */,
			);
			runOnlyForDeploymentPostprocessing = 0;
		};
/* End PBXSourcesBuildPhase section */

/* Begin PBXVariantGroup section */
		ACE294F51DCE5FEF007E9E1B /* Main.storyboard */ = {
			isa = PBXVariantGroup;
			children = (
				ACE294F61DCE5FEF007E9E1B /* Base */,
			);
			name = Main.storyboard;
			sourceTree = "<group>";
		};
		ACE294FA1DCE5FEF007E9E1B /* LaunchScreen.storyboard */ = {
			isa = PBXVariantGroup;
			children = (
				ACE294FB1DCE5FEF007E9E1B /* Base */,
			);
			name = LaunchScreen.storyboard;
			sourceTree = "<group>";
		};
/* End PBXVariantGroup section */

/* Begin XCBuildConfiguration section */
		ACE294FE1DCE5FEF007E9E1B /* Debug */ = {
			isa = XCBuildConfiguration;
			buildSettings = {
				ALWAYS_SEARCH_USER_PATHS = NO;
				CLANG_ANALYZER_NONNULL = YES;
				CLANG_CXX_LANGUAGE_STANDARD = "gnu++0x";
				CLANG_CXX_LIBRARY = "libc++";
				CLANG_ENABLE_MODULES = YES;
				CLANG_ENABLE_OBJC_ARC = YES;
				CLANG_WARN_BOOL_CONVERSION = YES;
				CLANG_WARN_CONSTANT_CONVERSION = YES;
				CLANG_WARN_DIRECT_OBJC_ISA_USAGE = YES_ERROR;
				CLANG_WARN_DOCUMENTATION_COMMENTS = YES;
				CLANG_WARN_EMPTY_BODY = YES;
				CLANG_WARN_ENUM_CONVERSION = YES;
				CLANG_WARN_INFINITE_RECURSION = YES;
				CLANG_WARN_INT_CONVERSION = YES;
				CLANG_WARN_OBJC_ROOT_CLASS = YES_ERROR;
				CLANG_WARN_SUSPICIOUS_MOVES = YES;
				CLANG_WARN_UNREACHABLE_CODE = YES;
				CLANG_WARN__DUPLICATE_METHOD_MATCH = YES;
				"CODE_SIGN_IDENTITY[sdk=iphoneos*]" = "iPhone Developer";
				COPY_PHASE_STRIP = NO;
				DEBUG_INFORMATION_FORMAT = dwarf;
				ENABLE_STRICT_OBJC_MSGSEND = YES;
				ENABLE_TESTABILITY = YES;
				GCC_C_LANGUAGE_STANDARD = gnu99;
				GCC_DYNAMIC_NO_PIC = NO;
				GCC_NO_COMMON_BLOCKS = YES;
				GCC_OPTIMIZATION_LEVEL = 0;
				GCC_PREPROCESSOR_DEFINITIONS = (
					"DEBUG=1",
					"$(inherited)",
				);
				GCC_WARN_64_TO_32_BIT_CONVERSION = YES;
				GCC_WARN_ABOUT_RETURN_TYPE = YES_ERROR;
				GCC_WARN_UNDECLARED_SELECTOR = YES;
				GCC_WARN_UNINITIALIZED_AUTOS = YES_AGGRESSIVE;
				GCC_WARN_UNUSED_FUNCTION = YES;
				GCC_WARN_UNUSED_VARIABLE = YES;
				IPHONEOS_DEPLOYMENT_TARGET = 10.0;
				MTL_ENABLE_DEBUG_INFO = YES;
				ONLY_ACTIVE_ARCH = YES;
				SDKROOT = iphoneos;
				SWIFT_ACTIVE_COMPILATION_CONDITIONS = DEBUG;
				SWIFT_OPTIMIZATION_LEVEL = "-Onone";
			};
			name = Debug;
		};
		ACE294FF1DCE5FEF007E9E1B /* Release */ = {
			isa = XCBuildConfiguration;
			buildSettings = {
				ALWAYS_SEARCH_USER_PATHS = NO;
				CLANG_ANALYZER_NONNULL = YES;
				CLANG_CXX_LANGUAGE_STANDARD = "gnu++0x";
				CLANG_CXX_LIBRARY = "libc++";
				CLANG_ENABLE_MODULES = YES;
				CLANG_ENABLE_OBJC_ARC = YES;
				CLANG_WARN_BOOL_CONVERSION = YES;
				CLANG_WARN_CONSTANT_CONVERSION = YES;
				CLANG_WARN_DIRECT_OBJC_ISA_USAGE = YES_ERROR;
				CLANG_WARN_DOCUMENTATION_COMMENTS = YES;
				CLANG_WARN_EMPTY_BODY = YES;
				CLANG_WARN_ENUM_CONVERSION = YES;
				CLANG_WARN_INFINITE_RECURSION = YES;
				CLANG_WARN_INT_CONVERSION = YES;
				CLANG_WARN_OBJC_ROOT_CLASS = YES_ERROR;
				CLANG_WARN_SUSPICIOUS_MOVES = YES;
				CLANG_WARN_UNREACHABLE_CODE = YES;
				CLANG_WARN__DUPLICATE_METHOD_MATCH = YES;
				"CODE_SIGN_IDENTITY[sdk=iphoneos*]" = "iPhone Developer";
				COPY_PHASE_STRIP = NO;
				DEBUG_INFORMATION_FORMAT = "dwarf-with-dsym";
				ENABLE_NS_ASSERTIONS = NO;
				ENABLE_STRICT_OBJC_MSGSEND = YES;
				GCC_C_LANGUAGE_STANDARD = gnu99;
				GCC_NO_COMMON_BLOCKS = YES;
				GCC_WARN_64_TO_32_BIT_CONVERSION = YES;
				GCC_WARN_ABOUT_RETURN_TYPE = YES_ERROR;
				GCC_WARN_UNDECLARED_SELECTOR = YES;
				GCC_WARN_UNINITIALIZED_AUTOS = YES_AGGRESSIVE;
				GCC_WARN_UNUSED_FUNCTION = YES;
				GCC_WARN_UNUSED_VARIABLE = YES;
				IPHONEOS_DEPLOYMENT_TARGET = 10.0;
				MTL_ENABLE_DEBUG_INFO = NO;
				SDKROOT = iphoneos;
				SWIFT_OPTIMIZATION_LEVEL = "-Owholemodule";
				VALIDATE_PRODUCT = YES;
			};
			name = Release;
		};
		ACE295011DCE5FEF007E9E1B /* Debug */ = {
			isa = XCBuildConfiguration;
			buildSettings = {
				ASSETCATALOG_COMPILER_APPICON_NAME = AppIcon;
				DEVELOPMENT_TEAM = MGDJPZU37H;
				INFOPLIST_FILE = "CS193p-calculator/Info.plist";
				LD_RUNPATH_SEARCH_PATHS = "$(inherited) @executable_path/Frameworks";
				PRODUCT_BUNDLE_IDENTIFIER = "com.NewRoute.CS193p-calculator";
				PRODUCT_NAME = "$(TARGET_NAME)";
				SWIFT_VERSION = 3.0;
				TARGETED_DEVICE_FAMILY = "1,2";
			};
			name = Debug;
		};
		ACE295021DCE5FEF007E9E1B /* Release */ = {
			isa = XCBuildConfiguration;
			buildSettings = {
				ASSETCATALOG_COMPILER_APPICON_NAME = AppIcon;
				DEVELOPMENT_TEAM = MGDJPZU37H;
				INFOPLIST_FILE = "CS193p-calculator/Info.plist";
				LD_RUNPATH_SEARCH_PATHS = "$(inherited) @executable_path/Frameworks";
				PRODUCT_BUNDLE_IDENTIFIER = "com.NewRoute.CS193p-calculator";
				PRODUCT_NAME = "$(TARGET_NAME)";
				SWIFT_VERSION = 3.0;
				TARGETED_DEVICE_FAMILY = "1,2";
			};
			name = Release;
		};
/* End XCBuildConfiguration section */

/* Begin XCConfigurationList section */
		ACE294E91DCE5FEF007E9E1B /* Build configuration list for PBXProject "CS193p-calculator" */ = {
			isa = XCConfigurationList;
			buildConfigurations = (
				ACE294FE1DCE5FEF007E9E1B /* Debug */,
				ACE294FF1DCE5FEF007E9E1B /* Release */,
			);
			defaultConfigurationIsVisible = 0;
			defaultConfigurationName = Release;
		};
		ACE295001DCE5FEF007E9E1B /* Build configuration list for PBXNativeTarget "CS193p-calculator" */ = {
			isa = XCConfigurationList;
			buildConfigurations = (
				ACE295011DCE5FEF007E9E1B /* Debug */,
				ACE295021DCE5FEF007E9E1B /* Release */,
			);
			defaultConfigurationIsVisible = 0;
		};
/* End XCConfigurationList section */
	};
	rootObject = ACE294E61DCE5FEF007E9E1B /* Project object */;
}
