// !$*UTF8*$!
{
	archiveVersion = 1;
	classes = {
	};
	objectVersion = 46;
	objects = {

/* Begin PBXBuildFile section */
		AC4E777F1DCF41CE00D922A1 /* Calculator.swift in Sources */ = {isa = PBXBuildFile; fileRef = AC4E777E1DCF41CE00D922A1 /* Calculator.swift */; };
		ACAC1A091E75A9890031C1F8 /* CalculatorTests.swift in Sources */ = {isa = PBXBuildFile; fileRef = ACAC1A081E75A9890031C1F8 /* CalculatorTests.swift */; };
		ACE294F21DCE5FEF007E9E1B /* AppDelegate.swift in Sources */ = {isa = PBXBuildFile; fileRef = ACE294F11DCE5FEF007E9E1B /* AppDelegate.swift */; };
		ACE294F41DCE5FEF007E9E1B /* ViewController.swift in Sources */ = {isa = PBXBuildFile; fileRef = ACE294F31DCE5FEF007E9E1B /* ViewController.swift */; };
		ACE294F71DCE5FEF007E9E1B /* Main.storyboard in Resources */ = {isa = PBXBuildFile; fileRef = ACE294F51DCE5FEF007E9E1B /* Main.storyboard */; };
		ACE294F91DCE5FEF007E9E1B /* Assets.xcassets in Resources */ = {isa = PBXBuildFile; fileRef = ACE294F81DCE5FEF007E9E1B /* Assets.xcassets */; };
		ACE294FC1DCE5FEF007E9E1B /* LaunchScreen.storyboard in Resources */ = {isa = PBXBuildFile; fileRef = ACE294FA1DCE5FEF007E9E1B /* LaunchScreen.storyboard */; };
/* End PBXBuildFile section */

/* Begin PBXContainerItemProxy section */
		ACAC1A031E75A92B0031C1F8 /* PBXContainerItemProxy */ = {
			isa = PBXContainerItemProxy;
			containerPortal = ACE294E61DCE5FEF007E9E1B /* Project object */;
			proxyType = 1;
			remoteGlobalIDString = ACE294ED1DCE5FEF007E9E1B;
			remoteInfo = "CS193p-calculator";
		};
/* End PBXContainerItemProxy section */

/* Begin PBXFileReference section */
		AC4E777E1DCF41CE00D922A1 /* Calculator.swift */ = {isa = PBXFileReference; fileEncoding = 4; lastKnownFileType = sourcecode.swift; path = Calculator.swift; sourceTree = "<group>"; };
		ACAC19FE1E75A92A0031C1F8 /* CS193p-calculatorTests.xctest */ = {isa = PBXFileReference; explicitFileType = wrapper.cfbundle; includeInIndex = 0; path = "CS193p-calculatorTests.xctest"; sourceTree = BUILT_PRODUCTS_DIR; };
		ACAC1A021E75A92B0031C1F8 /* Info.plist */ = {isa = PBXFileReference; lastKnownFileType = text.plist.xml; path = Info.plist; sourceTree = "<group>"; };
		ACAC1A081E75A9890031C1F8 /* CalculatorTests.swift */ = {isa = PBXFileReference; fileEncoding = 4; lastKnownFileType = sourcecode.swift; path = CalculatorTests.swift; sourceTree = "<group>"; };
		ACE294EE1DCE5FEF007E9E1B /* CS193p-calculator.app */ = {isa = PBXFileReference; explicitFileType = wrapper.application; includeInIndex = 0; path = "CS193p-calculator.app"; sourceTree = BUILT_PRODUCTS_DIR; };
		ACE294F11DCE5FEF007E9E1B /* AppDelegate.swift */ = {isa = PBXFileReference; lastKnownFileType = sourcecode.swift; path = AppDelegate.swift; sourceTree = "<group>"; };
		ACE294F31DCE5FEF007E9E1B /* ViewController.swift */ = {isa = PBXFileReference; lastKnownFileType = sourcecode.swift; path = ViewController.swift; sourceTree = "<group>"; };
		ACE294F61DCE5FEF007E9E1B /* Base */ = {isa = PBXFileReference; lastKnownFileType = file.storyboard; name = Base; path = Base.lproj/Main.storyboard; sourceTree = "<group>"; };
		ACE294F81DCE5FEF007E9E1B /* Assets.xcassets */ = {isa = PBXFileReference; lastKnownFileType = folder.assetcatalog; path = Assets.xcassets; sourceTree = "<group>"; };
		ACE294FB1DCE5FEF007E9E1B /* Base */ = {isa = PBXFileReference; lastKnownFileType = file.storyboard; name = Base; path = Base.lproj/LaunchScreen.storyboard; sourceTree = "<group>"; };
		ACE294FD1DCE5FEF007E9E1B /* Info.plist */ = {isa = PBXFileReference; lastKnownFileType = text.plist.xml; path = Info.plist; sourceTree = "<group>"; };
/* End PBXFileReference section */

/* Begin PBXFrameworksBuildPhase section */
		ACAC19FB1E75A92A0031C1F8 /* Frameworks */ = {
			isa = PBXFrameworksBuildPhase;
			buildActionMask = 2147483647;
			files = (
			);
			runOnlyForDeploymentPostprocessing = 0;
		};
		ACE294EB1DCE5FEF007E9E1B /* Frameworks */ = {
			isa = PBXFrameworksBuildPhase;
			buildActionMask = 2147483647;
			files = (
			);
			runOnlyForDeploymentPostprocessing = 0;
		};
/* End PBXFrameworksBuildPhase section */

/* Begin PBXGroup section */
		ACAC19FF1E75A92B0031C1F8 /* CS193p-calculatorTests */ = {
			isa = PBXGroup;
			children = (
				ACAC1A021E75A92B0031C1F8 /* Info.plist */,
				ACAC1A081E75A9890031C1F8 /* CalculatorTests.swift */,
			);
			path = "CS193p-calculatorTests";
			sourceTree = "<group>";
		};
		ACE294E51DCE5FEF007E9E1B = {
			isa = PBXGroup;
			children = (
				ACE294F01DCE5FEF007E9E1B /* CS193p-calculator */,
				ACAC19FF1E75A92B0031C1F8 /* CS193p-calculatorTests */,
				ACE294EF1DCE5FEF007E9E1B /* Products */,
			);
			sourceTree = "<group>";
		};
		ACE294EF1DCE5FEF007E9E1B /* Products */ = {
			isa = PBXGroup;
			children = (
				ACE294EE1DCE5FEF007E9E1B /* CS193p-calculator.app */,
				ACAC19FE1E75A92A0031C1F8 /* CS193p-calculatorTests.xctest */,
			);
			name = Products;
			sourceTree = "<group>";
		};
		ACE294F01DCE5FEF007E9E1B /* CS193p-calculator */ = {
			isa = PBXGroup;
			children = (
				ACE294F11DCE5FEF007E9E1B /* AppDelegate.swift */,
				AC4E777E1DCF41CE00D922A1 /* Calculator.swift */,
				ACE294F31DCE5FEF007E9E1B /* ViewController.swift */,
				ACE294F51DCE5FEF007E9E1B /* Main.storyboard */,
				ACE294F81DCE5FEF007E9E1B /* Assets.xcassets */,
				ACE294FA1DCE5FEF007E9E1B /* LaunchScreen.storyboard */,
				ACE294FD1DCE5FEF007E9E1B /* Info.plist */,
			);
			path = "CS193p-calculator";
			sourceTree = "<group>";
		};
/* End PBXGroup section */

/* Begin PBXNativeTarget section */
		ACAC19FD1E75A92A0031C1F8 /* CS193p-calculatorTests */ = {
			isa = PBXNativeTarget;
			buildConfigurationList = ACAC1A051E75A92B0031C1F8 /* Build configuration list for PBXNativeTarget "CS193p-calculatorTests" */;
			buildPhases = (
				ACAC19FA1E75A92A0031C1F8 /* Sources */,
				ACAC19FB1E75A92A0031C1F8 /* Frameworks */,
				ACAC19FC1E75A92A0031C1F8 /* Resources */,
			);
			buildRules = (
			);
			dependencies = (
				ACAC1A041E75A92B0031C1F8 /* PBXTargetDependency */,
			);
			name = "CS193p-calculatorTests";
			productName = "CS193p-calculatorTests";
			productReference = ACAC19FE1E75A92A0031C1F8 /* CS193p-calculatorTests.xctest */;
			productType = "com.apple.product-type.bundle.unit-test";
		};
		ACE294ED1DCE5FEF007E9E1B /* CS193p-calculator */ = {
			isa = PBXNativeTarget;
			buildConfigurationList = ACE295001DCE5FEF007E9E1B /* Build configuration list for PBXNativeTarget "CS193p-calculator" */;
			buildPhases = (
				ACE294EA1DCE5FEF007E9E1B /* Sources */,
				ACE294EB1DCE5FEF007E9E1B /* Frameworks */,
				ACE294EC1DCE5FEF007E9E1B /* Resources */,
			);
			buildRules = (
			);
			dependencies = (
			);
			name = "CS193p-calculator";
			productName = "CS193p-calculator";
			productReference = ACE294EE1DCE5FEF007E9E1B /* CS193p-calculator.app */;
			productType = "com.apple.product-type.application";
		};
/* End PBXNativeTarget section */

/* Begin PBXProject section */
		ACE294E61DCE5FEF007E9E1B /* Project object */ = {
			isa = PBXProject;
			attributes = {
				LastSwiftUpdateCheck = 0820;
				LastUpgradeCheck = 0810;
				ORGANIZATIONNAME = "New Route";
				TargetAttributes = {
					ACAC19FD1E75A92A0031C1F8 = {
						CreatedOnToolsVersion = 8.2.1;
						DevelopmentTeam = MGDJPZU37H;
						LastSwiftMigration = 0820;
						ProvisioningStyle = Automatic;
						TestTargetID = ACE294ED1DCE5FEF007E9E1B;
					};
					ACE294ED1DCE5FEF007E9E1B = {
						CreatedOnToolsVersion = 8.0;
						DevelopmentTeam = MGDJPZU37H;
						ProvisioningStyle = Automatic;
					};
				};
			};
			buildConfigurationList = ACE294E91DCE5FEF007E9E1B /* Build configuration list for PBXProject "CS193p-calculator" */;
			compatibilityVersion = "Xcode 3.2";
			developmentRegion = English;
			hasScannedForEncodings = 0;
			knownRegions = (
				en,
				Base,
			);
			mainGroup = ACE294E51DCE5FEF007E9E1B;
			productRefGroup = ACE294EF1DCE5FEF007E9E1B /* Products */;
			projectDirPath = "";
			projectRoot = "";
			targets = (
				ACE294ED1DCE5FEF007E9E1B /* CS193p-calculator */,
				ACAC19FD1E75A92A0031C1F8 /* CS193p-calculatorTests */,
			);
		};
/* End PBXProject section */

/* Begin PBXResourcesBuildPhase section */
		ACAC19FC1E75A92A0031C1F8 /* Resources */ = {
			isa = PBXResourcesBuildPhase;
			buildActionMask = 2147483647;
			files = (
			);
			runOnlyForDeploymentPostprocessing = 0;
		};
		ACE294EC1DCE5FEF007E9E1B /* Resources */ = {
			isa = PBXResourcesBuildPhase;
			buildActionMask = 2147483647;
			files = (
				ACE294FC1DCE5FEF007E9E1B /* LaunchScreen.storyboard in Resources */,
				ACE294F91DCE5FEF007E9E1B /* Assets.xcassets in Resources */,
				ACE294F71DCE5FEF007E9E1B /* Main.storyboard in Resources */,
			);
			runOnlyForDeploymentPostprocessing = 0;
		};
/* End PBXResourcesBuildPhase section */

/* Begin PBXSourcesBuildPhase section */
		ACAC19FA1E75A92A0031C1F8 /* Sources */ = {
			isa = PBXSourcesBuildPhase;
			buildActionMask = 2147483647;
			files = (
				ACAC1A091E75A9890031C1F8 /* CalculatorTests.swift in Sources */,
			);
			runOnlyForDeploymentPostprocessing = 0;
		};
		ACE294EA1DCE5FEF007E9E1B /* Sources */ = {
			isa = PBXSourcesBuildPhase;
			buildActionMask = 2147483647;
			files = (
				ACE294F41DCE5FEF007E9E1B /* ViewController.swift in Sources */,
				ACE294F21DCE5FEF007E9E1B /* AppDelegate.swift in Sources */,
				AC4E777F1DCF41CE00D922A1 /* Calculator.swift in Sources */,
			);
			runOnlyForDeploymentPostprocessing = 0;
		};
/* End PBXSourcesBuildPhase section */

/* Begin PBXTargetDependency section */
		ACAC1A041E75A92B0031C1F8 /* PBXTargetDependency */ = {
			isa = PBXTargetDependency;
			target = ACE294ED1DCE5FEF007E9E1B /* CS193p-calculator */;
			targetProxy = ACAC1A031E75A92B0031C1F8 /* PBXContainerItemProxy */;
		};
/* End PBXTargetDependency section */

/* Begin PBXVariantGroup section */
		ACE294F51DCE5FEF007E9E1B /* Main.storyboard */ = {
			isa = PBXVariantGroup;
			children = (
				ACE294F61DCE5FEF007E9E1B /* Base */,
			);
			name = Main.storyboard;
			sourceTree = "<group>";
		};
		ACE294FA1DCE5FEF007E9E1B /* LaunchScreen.storyboard */ = {
			isa = PBXVariantGroup;
			children = (
				ACE294FB1DCE5FEF007E9E1B /* Base */,
			);
			name = LaunchScreen.storyboard;
			sourceTree = "<group>";
		};
/* End PBXVariantGroup section */

/* Begin XCBuildConfiguration section */
		ACAC1A061E75A92B0031C1F8 /* Debug */ = {
			isa = XCBuildConfiguration;
			buildSettings = {
				BUNDLE_LOADER = "$(TEST_HOST)";
				CLANG_ENABLE_MODULES = YES;
				DEVELOPMENT_TEAM = MGDJPZU37H;
				INFOPLIST_FILE = "CS193p-calculatorTests/Info.plist";
				IPHONEOS_DEPLOYMENT_TARGET = 10.2;
				LD_RUNPATH_SEARCH_PATHS = "$(inherited) @executable_path/Frameworks @loader_path/Frameworks";
				PRODUCT_BUNDLE_IDENTIFIER = "com.NewRoute.CS193p-calculatorTests";
				PRODUCT_NAME = "$(TARGET_NAME)";
				SWIFT_OPTIMIZATION_LEVEL = "-Onone";
				SWIFT_VERSION = 3.0;
				TEST_HOST = "$(BUILT_PRODUCTS_DIR)/CS193p-calculator.app/CS193p-calculator";
			};
			name = Debug;
		};
		ACAC1A071E75A92B0031C1F8 /* Release */ = {
			isa = XCBuildConfiguration;
			buildSettings = {
				BUNDLE_LOADER = "$(TEST_HOST)";
				CLANG_ENABLE_MODULES = YES;
				DEVELOPMENT_TEAM = MGDJPZU37H;
				INFOPLIST_FILE = "CS193p-calculatorTests/Info.plist";
				IPHONEOS_DEPLOYMENT_TARGET = 10.2;
				LD_RUNPATH_SEARCH_PATHS = "$(inherited) @executable_path/Frameworks @loader_path/Frameworks";
				PRODUCT_BUNDLE_IDENTIFIER = "com.NewRoute.CS193p-calculatorTests";
				PRODUCT_NAME = "$(TARGET_NAME)";
				SWIFT_VERSION = 3.0;
				TEST_HOST = "$(BUILT_PRODUCTS_DIR)/CS193p-calculator.app/CS193p-calculator";
			};
			name = Release;
		};
		ACE294FE1DCE5FEF007E9E1B /* Debug */ = {
			isa = XCBuildConfiguration;
			buildSettings = {
				ALWAYS_SEARCH_USER_PATHS = NO;
				CLANG_ANALYZER_NONNULL = YES;
				CLANG_CXX_LANGUAGE_STANDARD = "gnu++0x";
				CLANG_CXX_LIBRARY = "libc++";
				CLANG_ENABLE_MODULES = YES;
				CLANG_ENABLE_OBJC_ARC = YES;
				CLANG_WARN_BOOL_CONVERSION = YES;
				CLANG_WARN_CONSTANT_CONVERSION = YES;
				CLANG_WARN_DIRECT_OBJC_ISA_USAGE = YES_ERROR;
				CLANG_WARN_DOCUMENTATION_COMMENTS = YES;
				CLANG_WARN_EMPTY_BODY = YES;
				CLANG_WARN_ENUM_CONVERSION = YES;
				CLANG_WARN_INFINITE_RECURSION = YES;
				CLANG_WARN_INT_CONVERSION = YES;
				CLANG_WARN_OBJC_ROOT_CLASS = YES_ERROR;
				CLANG_WARN_SUSPICIOUS_MOVE = YES;
				CLANG_WARN_SUSPICIOUS_MOVES = YES;
				CLANG_WARN_UNREACHABLE_CODE = YES;
				CLANG_WARN__DUPLICATE_METHOD_MATCH = YES;
				"CODE_SIGN_IDENTITY[sdk=iphoneos*]" = "iPhone Developer";
				COPY_PHASE_STRIP = NO;
				DEBUG_INFORMATION_FORMAT = dwarf;
				ENABLE_STRICT_OBJC_MSGSEND = YES;
				ENABLE_TESTABILITY = YES;
				GCC_C_LANGUAGE_STANDARD = gnu99;
				GCC_DYNAMIC_NO_PIC = NO;
				GCC_NO_COMMON_BLOCKS = YES;
				GCC_OPTIMIZATION_LEVEL = 0;
				GCC_PREPROCESSOR_DEFINITIONS = (
					"DEBUG=1",
					"$(inherited)",
				);
				GCC_WARN_64_TO_32_BIT_CONVERSION = YES;
				GCC_WARN_ABOUT_RETURN_TYPE = YES_ERROR;
				GCC_WARN_UNDECLARED_SELECTOR = YES;
				GCC_WARN_UNINITIALIZED_AUTOS = YES_AGGRESSIVE;
				GCC_WARN_UNUSED_FUNCTION = YES;
				GCC_WARN_UNUSED_VARIABLE = YES;
				IPHONEOS_DEPLOYMENT_TARGET = 10.0;
				MTL_ENABLE_DEBUG_INFO = YES;
				ONLY_ACTIVE_ARCH = YES;
				SDKROOT = iphoneos;
				SWIFT_ACTIVE_COMPILATION_CONDITIONS = DEBUG;
				SWIFT_OPTIMIZATION_LEVEL = "-Onone";
			};
			name = Debug;
		};
		ACE294FF1DCE5FEF007E9E1B /* Release */ = {
			isa = XCBuildConfiguration;
			buildSettings = {
				ALWAYS_SEARCH_USER_PATHS = NO;
				CLANG_ANALYZER_NONNULL = YES;
				CLANG_CXX_LANGUAGE_STANDARD = "gnu++0x";
				CLANG_CXX_LIBRARY = "libc++";
				CLANG_ENABLE_MODULES = YES;
				CLANG_ENABLE_OBJC_ARC = YES;
				CLANG_WARN_BOOL_CONVERSION = YES;
				CLANG_WARN_CONSTANT_CONVERSION = YES;
				CLANG_WARN_DIRECT_OBJC_ISA_USAGE = YES_ERROR;
				CLANG_WARN_DOCUMENTATION_COMMENTS = YES;
				CLANG_WARN_EMPTY_BODY = YES;
				CLANG_WARN_ENUM_CONVERSION = YES;
				CLANG_WARN_INFINITE_RECURSION = YES;
				CLANG_WARN_INT_CONVERSION = YES;
				CLANG_WARN_OBJC_ROOT_CLASS = YES_ERROR;
				CLANG_WARN_SUSPICIOUS_MOVE = YES;
				CLANG_WARN_SUSPICIOUS_MOVES = YES;
				CLANG_WARN_UNREACHABLE_CODE = YES;
				CLANG_WARN__DUPLICATE_METHOD_MATCH = YES;
				"CODE_SIGN_IDENTITY[sdk=iphoneos*]" = "iPhone Developer";
				COPY_PHASE_STRIP = NO;
				DEBUG_INFORMATION_FORMAT = "dwarf-with-dsym";
				ENABLE_NS_ASSERTIONS = NO;
				ENABLE_STRICT_OBJC_MSGSEND = YES;
				GCC_C_LANGUAGE_STANDARD = gnu99;
				GCC_NO_COMMON_BLOCKS = YES;
				GCC_WARN_64_TO_32_BIT_CONVERSION = YES;
				GCC_WARN_ABOUT_RETURN_TYPE = YES_ERROR;
				GCC_WARN_UNDECLARED_SELECTOR = YES;
				GCC_WARN_UNINITIALIZED_AUTOS = YES_AGGRESSIVE;
				GCC_WARN_UNUSED_FUNCTION = YES;
				GCC_WARN_UNUSED_VARIABLE = YES;
				IPHONEOS_DEPLOYMENT_TARGET = 10.0;
				MTL_ENABLE_DEBUG_INFO = NO;
				SDKROOT = iphoneos;
				SWIFT_OPTIMIZATION_LEVEL = "-Owholemodule";
				VALIDATE_PRODUCT = YES;
			};
			name = Release;
		};
		ACE295011DCE5FEF007E9E1B /* Debug */ = {
			isa = XCBuildConfiguration;
			buildSettings = {
				ASSETCATALOG_COMPILER_APPICON_NAME = AppIcon;
				DEVELOPMENT_TEAM = MGDJPZU37H;
				INFOPLIST_FILE = "CS193p-calculator/Info.plist";
				LD_RUNPATH_SEARCH_PATHS = "$(inherited) @executable_path/Frameworks";
				PRODUCT_BUNDLE_IDENTIFIER = "com.NewRoute.CS193p-calculator";
				PRODUCT_NAME = "$(TARGET_NAME)";
				SWIFT_VERSION = 3.0;
				TARGETED_DEVICE_FAMILY = 1;
			};
			name = Debug;
		};
		ACE295021DCE5FEF007E9E1B /* Release */ = {
			isa = XCBuildConfiguration;
			buildSettings = {
				ASSETCATALOG_COMPILER_APPICON_NAME = AppIcon;
				DEVELOPMENT_TEAM = MGDJPZU37H;
				INFOPLIST_FILE = "CS193p-calculator/Info.plist";
				LD_RUNPATH_SEARCH_PATHS = "$(inherited) @executable_path/Frameworks";
				PRODUCT_BUNDLE_IDENTIFIER = "com.NewRoute.CS193p-calculator";
				PRODUCT_NAME = "$(TARGET_NAME)";
				SWIFT_VERSION = 3.0;
				TARGETED_DEVICE_FAMILY = 1;
			};
			name = Release;
		};
/* End XCBuildConfiguration section */

/* Begin XCConfigurationList section */
		ACAC1A051E75A92B0031C1F8 /* Build configuration list for PBXNativeTarget "CS193p-calculatorTests" */ = {
			isa = XCConfigurationList;
			buildConfigurations = (
				ACAC1A061E75A92B0031C1F8 /* Debug */,
				ACAC1A071E75A92B0031C1F8 /* Release */,
			);
			defaultConfigurationIsVisible = 0;
		};
		ACE294E91DCE5FEF007E9E1B /* Build configuration list for PBXProject "CS193p-calculator" */ = {
			isa = XCConfigurationList;
			buildConfigurations = (
				ACE294FE1DCE5FEF007E9E1B /* Debug */,
				ACE294FF1DCE5FEF007E9E1B /* Release */,
			);
			defaultConfigurationIsVisible = 0;
			defaultConfigurationName = Release;
		};
		ACE295001DCE5FEF007E9E1B /* Build configuration list for PBXNativeTarget "CS193p-calculator" */ = {
			isa = XCConfigurationList;
			buildConfigurations = (
				ACE295011DCE5FEF007E9E1B /* Debug */,
				ACE295021DCE5FEF007E9E1B /* Release */,
			);
			defaultConfigurationIsVisible = 0;
			defaultConfigurationName = Release;
		};
/* End XCConfigurationList section */
	};
	rootObject = ACE294E61DCE5FEF007E9E1B /* Project object */;
}
